
Microsoft Visual Studio Solution File, Format Version 11.00
# Visual Studio 2010
Project("{FAE04EC0-301F-11D3-BF4B-00C04F79EFBC}") = "Mono.CodeContracts.CCRewrite", "..\Mono.CodeContracts.CCRewrite\Mono.CodeContracts.CCRewrite.csproj", "{A8CB9414-D1CC-4190-89D6-F70C352C8333}"
EndProject
Project("{FAE04EC0-301F-11D3-BF4B-00C04F79EFBC}") = "ccrewrite", "ccrewrite.csproj", "{FA3F5EE3-C2DA-4603-9C79-EC1C82FB097C}"
EndProject
Global
	GlobalSection(SolutionConfigurationPlatforms) = preSolution
		Debug|Any CPU = Debug|Any CPU
		Debug|Mixed Platforms = Debug|Mixed Platforms
		Debug|x86 = Debug|x86
		Release|Any CPU = Release|Any CPU
		Release|Mixed Platforms = Release|Mixed Platforms
		Release|x86 = Release|x86
	EndGlobalSection
	GlobalSection(ProjectConfigurationPlatforms) = postSolution
		{A8CB9414-D1CC-4190-89D6-F70C352C8333}.Debug|Any CPU.ActiveCfg = Debug|Any CPU
		{A8CB9414-D1CC-4190-89D6-F70C352C8333}.Debug|Any CPU.Build.0 = Debug|Any CPU
		{A8CB9414-D1CC-4190-89D6-F70C352C8333}.Debug|Mixed Platforms.ActiveCfg = Debug|Any CPU
		{A8CB9414-D1CC-4190-89D6-F70C352C8333}.Debug|Mixed Platforms.Build.0 = Debug|Any CPU
		{A8CB9414-D1CC-4190-89D6-F70C352C8333}.Debug|x86.ActiveCfg = Debug|Any CPU
		{A8CB9414-D1CC-4190-89D6-F70C352C8333}.Release|Any CPU.ActiveCfg = Release|Any CPU
		{A8CB9414-D1CC-4190-89D6-F70C352C8333}.Release|Any CPU.Build.0 = Release|Any CPU
		{A8CB9414-D1CC-4190-89D6-F70C352C8333}.Release|Mixed Platforms.ActiveCfg = Release|Any CPU
		{A8CB9414-D1CC-4190-89D6-F70C352C8333}.Release|Mixed Platforms.Build.0 = Release|Any CPU
		{A8CB9414-D1CC-4190-89D6-F70C352C8333}.Release|x86.ActiveCfg = Release|Any CPU
		{FA3F5EE3-C2DA-4603-9C79-EC1C82FB097C}.Debug|Any CPU.ActiveCfg = Debug|x86
		{FA3F5EE3-C2DA-4603-9C79-EC1C82FB097C}.Debug|Mixed Platforms.ActiveCfg = Debug|x86
		{FA3F5EE3-C2DA-4603-9C79-EC1C82FB097C}.Debug|Mixed Platforms.Build.0 = Debug|x86
		{FA3F5EE3-C2DA-4603-9C79-EC1C82FB097C}.Debug|x86.ActiveCfg = Debug|x86
		{FA3F5EE3-C2DA-4603-9C79-EC1C82FB097C}.Debug|x86.Build.0 = Debug|x86
		{FA3F5EE3-C2DA-4603-9C79-EC1C82FB097C}.Release|Any CPU.ActiveCfg = Release|x86
		{FA3F5EE3-C2DA-4603-9C79-EC1C82FB097C}.Release|Mixed Platforms.ActiveCfg = Release|x86
		{FA3F5EE3-C2DA-4603-9C79-EC1C82FB097C}.Release|Mixed Platforms.Build.0 = Release|x86
		{FA3F5EE3-C2DA-4603-9C79-EC1C82FB097C}.Release|x86.ActiveCfg = Release|x86
		{FA3F5EE3-C2DA-4603-9C79-EC1C82FB097C}.Release|x86.Build.0 = Release|x86
	EndGlobalSection
	GlobalSection(SolutionProperties) = preSolution
		HideSolutionNode = FALSE
	EndGlobalSection
EndGlobal
