
Microsoft Visual Studio Solution File, Format Version 11.00
# Visual Studio 2010
Project("{FAE04EC0-301F-11D3-BF4B-00C04F79EFBC}") = "ccrewrite", "ccrewrite.csproj", "{FA3F5EE3-C2DA-4603-9C79-EC1C82FB097C}"
EndProject
Project("{FAE04EC0-301F-11D3-BF4B-00C04F79EFBC}") = "Decompiler", "..\Decompiler\Decompiler.csproj", "{88CD1FA9-4F1B-4C90-BED5-7B2B3AE6E0EF}"
EndProject
Global
	GlobalSection(SolutionConfigurationPlatforms) = preSolution
		Debug|Any CPU = Debug|Any CPU
		Debug|Mixed Platforms = Debug|Mixed Platforms
		Debug|x86 = Debug|x86
		Release|Any CPU = Release|Any CPU
		Release|Mixed Platforms = Release|Mixed Platforms
		Release|x86 = Release|x86
	EndGlobalSection
	GlobalSection(ProjectConfigurationPlatforms) = postSolution
		{FA3F5EE3-C2DA-4603-9C79-EC1C82FB097C}.Debug|Any CPU.ActiveCfg = Debug|x86
		{FA3F5EE3-C2DA-4603-9C79-EC1C82FB097C}.Debug|Mixed Platforms.ActiveCfg = Debug|x86
		{FA3F5EE3-C2DA-4603-9C79-EC1C82FB097C}.Debug|Mixed Platforms.Build.0 = Debug|x86
		{FA3F5EE3-C2DA-4603-9C79-EC1C82FB097C}.Debug|x86.ActiveCfg = Debug|x86
		{FA3F5EE3-C2DA-4603-9C79-EC1C82FB097C}.Debug|x86.Build.0 = Debug|x86
		{FA3F5EE3-C2DA-4603-9C79-EC1C82FB097C}.Release|Any CPU.ActiveCfg = Release|x86
		{FA3F5EE3-C2DA-4603-9C79-EC1C82FB097C}.Release|Mixed Platforms.ActiveCfg = Release|x86
		{FA3F5EE3-C2DA-4603-9C79-EC1C82FB097C}.Release|Mixed Platforms.Build.0 = Release|x86
		{FA3F5EE3-C2DA-4603-9C79-EC1C82FB097C}.Release|x86.ActiveCfg = Release|x86
		{FA3F5EE3-C2DA-4603-9C79-EC1C82FB097C}.Release|x86.Build.0 = Release|x86
		{88CD1FA9-4F1B-4C90-BED5-7B2B3AE6E0EF}.Debug|Any CPU.ActiveCfg = Debug|Any CPU
		{88CD1FA9-4F1B-4C90-BED5-7B2B3AE6E0EF}.Debug|Any CPU.Build.0 = Debug|Any CPU
		{88CD1FA9-4F1B-4C90-BED5-7B2B3AE6E0EF}.Debug|Mixed Platforms.ActiveCfg = Debug|Any CPU
		{88CD1FA9-4F1B-4C90-BED5-7B2B3AE6E0EF}.Debug|Mixed Platforms.Build.0 = Debug|Any CPU
		{88CD1FA9-4F1B-4C90-BED5-7B2B3AE6E0EF}.Debug|x86.ActiveCfg = Debug|Any CPU
		{88CD1FA9-4F1B-4C90-BED5-7B2B3AE6E0EF}.Release|Any CPU.ActiveCfg = Release|Any CPU
		{88CD1FA9-4F1B-4C90-BED5-7B2B3AE6E0EF}.Release|Any CPU.Build.0 = Release|Any CPU
		{88CD1FA9-4F1B-4C90-BED5-7B2B3AE6E0EF}.Release|Mixed Platforms.ActiveCfg = Release|Any CPU
		{88CD1FA9-4F1B-4C90-BED5-7B2B3AE6E0EF}.Release|Mixed Platforms.Build.0 = Release|Any CPU
		{88CD1FA9-4F1B-4C90-BED5-7B2B3AE6E0EF}.Release|x86.ActiveCfg = Release|Any CPU
	EndGlobalSection
	GlobalSection(SolutionProperties) = preSolution
		HideSolutionNode = FALSE
	EndGlobalSection
EndGlobal
